
Microsoft Visual Studio Solution File, Format Version 12.00
# Visual Studio Version 16
VisualStudioVersion = 16.0.31624.102
MinimumVisualStudioVersion = 10.0.40219.1
Project("{8BC9CEB8-8B4A-11D0-8D11-00A0C91BC942}") = "Lab1(C++)", "Lab1(C++)\Lab1(C++).vcxproj", "{CAC03A02-617E-4C3B-A15F-4D96E2E846E8}"
EndProject
Project("{888888A0-9F3D-457C-B088-3A5042F75D52}") = "Lab1(Python)", "Lab1(Python)\Lab1(Python).pyproj", "{5E721706-240A-462B-A00C-DC95BBE69CD7}"
EndProject
Project("{8BC9CEB8-8B4A-11D0-8D11-00A0C91BC942}") = "Lab2(C++)", "Lab2(C++)\Lab2(C++).vcxproj", "{22134797-169D-436F-A73B-3609CD92EDDB}"
EndProject
Project("{888888A0-9F3D-457C-B088-3A5042F75D52}") = "Lab2(Python)", "Lab2(Python)\Lab2(Python).pyproj", "{0B8E9CCB-AE56-4528-8CEC-CA4816B1E7B7}"
EndProject
Project("{8BC9CEB8-8B4A-11D0-8D11-00A0C91BC942}") = "Lab3(C++)", "Lab3(C++)\Lab3(C++).vcxproj", "{188DE73B-9B77-46AB-A38B-E685412819DB}"
EndProject
Global
	GlobalSection(SolutionConfigurationPlatforms) = preSolution
		Debug|Any CPU = Debug|Any CPU
		Debug|x64 = Debug|x64
		Debug|x86 = Debug|x86
		Release|Any CPU = Release|Any CPU
		Release|x64 = Release|x64
		Release|x86 = Release|x86
	EndGlobalSection
	GlobalSection(ProjectConfigurationPlatforms) = postSolution
		{CAC03A02-617E-4C3B-A15F-4D96E2E846E8}.Debug|Any CPU.ActiveCfg = Debug|Win32
		{CAC03A02-617E-4C3B-A15F-4D96E2E846E8}.Debug|x64.ActiveCfg = Debug|x64
		{CAC03A02-617E-4C3B-A15F-4D96E2E846E8}.Debug|x64.Build.0 = Debug|x64
		{CAC03A02-617E-4C3B-A15F-4D96E2E846E8}.Debug|x86.ActiveCfg = Debug|Win32
		{CAC03A02-617E-4C3B-A15F-4D96E2E846E8}.Debug|x86.Build.0 = Debug|Win32
		{CAC03A02-617E-4C3B-A15F-4D96E2E846E8}.Release|Any CPU.ActiveCfg = Release|Win32
		{CAC03A02-617E-4C3B-A15F-4D96E2E846E8}.Release|x64.ActiveCfg = Release|x64
		{CAC03A02-617E-4C3B-A15F-4D96E2E846E8}.Release|x64.Build.0 = Release|x64
		{CAC03A02-617E-4C3B-A15F-4D96E2E846E8}.Release|x86.ActiveCfg = Release|Win32
		{CAC03A02-617E-4C3B-A15F-4D96E2E846E8}.Release|x86.Build.0 = Release|Win32
		{5E721706-240A-462B-A00C-DC95BBE69CD7}.Debug|Any CPU.ActiveCfg = Debug|Any CPU
		{5E721706-240A-462B-A00C-DC95BBE69CD7}.Debug|x64.ActiveCfg = Debug|Any CPU
		{5E721706-240A-462B-A00C-DC95BBE69CD7}.Debug|x86.ActiveCfg = Debug|Any CPU
		{5E721706-240A-462B-A00C-DC95BBE69CD7}.Release|Any CPU.ActiveCfg = Release|Any CPU
		{5E721706-240A-462B-A00C-DC95BBE69CD7}.Release|x64.ActiveCfg = Release|Any CPU
		{5E721706-240A-462B-A00C-DC95BBE69CD7}.Release|x86.ActiveCfg = Release|Any CPU
		{22134797-169D-436F-A73B-3609CD92EDDB}.Debug|Any CPU.ActiveCfg = Debug|Win32
		{22134797-169D-436F-A73B-3609CD92EDDB}.Debug|x64.ActiveCfg = Debug|x64
		{22134797-169D-436F-A73B-3609CD92EDDB}.Debug|x64.Build.0 = Debug|x64
		{22134797-169D-436F-A73B-3609CD92EDDB}.Debug|x86.ActiveCfg = Debug|Win32
		{22134797-169D-436F-A73B-3609CD92EDDB}.Debug|x86.Build.0 = Debug|Win32
		{22134797-169D-436F-A73B-3609CD92EDDB}.Release|Any CPU.ActiveCfg = Release|Win32
		{22134797-169D-436F-A73B-3609CD92EDDB}.Release|x64.ActiveCfg = Release|x64
		{22134797-169D-436F-A73B-3609CD92EDDB}.Release|x64.Build.0 = Release|x64
		{22134797-169D-436F-A73B-3609CD92EDDB}.Release|x86.ActiveCfg = Release|Win32
		{22134797-169D-436F-A73B-3609CD92EDDB}.Release|x86.Build.0 = Release|Win32
		{0B8E9CCB-AE56-4528-8CEC-CA4816B1E7B7}.Debug|Any CPU.ActiveCfg = Debug|Any CPU
		{0B8E9CCB-AE56-4528-8CEC-CA4816B1E7B7}.Debug|x64.ActiveCfg = Debug|Any CPU
		{0B8E9CCB-AE56-4528-8CEC-CA4816B1E7B7}.Debug|x86.ActiveCfg = Debug|Any CPU
		{0B8E9CCB-AE56-4528-8CEC-CA4816B1E7B7}.Release|Any CPU.ActiveCfg = Release|Any CPU
		{0B8E9CCB-AE56-4528-8CEC-CA4816B1E7B7}.Release|x64.ActiveCfg = Release|Any CPU
		{0B8E9CCB-AE56-4528-8CEC-CA4816B1E7B7}.Release|x86.ActiveCfg = Release|Any CPU
		{188DE73B-9B77-46AB-A38B-E685412819DB}.Debug|Any CPU.ActiveCfg = Debug|Win32
		{188DE73B-9B77-46AB-A38B-E685412819DB}.Debug|x64.ActiveCfg = Debug|x64
		{188DE73B-9B77-46AB-A38B-E685412819DB}.Debug|x64.Build.0 = Debug|x64
		{188DE73B-9B77-46AB-A38B-E685412819DB}.Debug|x86.ActiveCfg = Debug|Win32
		{188DE73B-9B77-46AB-A38B-E685412819DB}.Debug|x86.Build.0 = Debug|Win32
		{188DE73B-9B77-46AB-A38B-E685412819DB}.Release|Any CPU.ActiveCfg = Release|Win32
		{188DE73B-9B77-46AB-A38B-E685412819DB}.Release|x64.ActiveCfg = Release|x64
		{188DE73B-9B77-46AB-A38B-E685412819DB}.Release|x64.Build.0 = Release|x64
		{188DE73B-9B77-46AB-A38B-E685412819DB}.Release|x86.ActiveCfg = Release|Win32
		{188DE73B-9B77-46AB-A38B-E685412819DB}.Release|x86.Build.0 = Release|Win32
	EndGlobalSection
	GlobalSection(SolutionProperties) = preSolution
		HideSolutionNode = FALSE
	EndGlobalSection
	GlobalSection(ExtensibilityGlobals) = postSolution
		SolutionGuid = {3E5E9437-CC70-467F-87F9-2923B1D61750}
	EndGlobalSection
EndGlobal
